// !$*UTF8*$!
{
	archiveVersion = 1;
	classes = {
	};
	objectVersion = 56;
	objects = {

/* Begin PBXBuildFile section */
		042DB33C294549FF006139AD /* FavoritesTableViewCell.swift in Sources */ = {isa = PBXBuildFile; fileRef = 042DB33B294549FF006139AD /* FavoritesTableViewCell.swift */; };
		04ACCF33293D048B0018D5AE /* NGTitleLabel.swift in Sources */ = {isa = PBXBuildFile; fileRef = 04ACCF32293D048B0018D5AE /* NGTitleLabel.swift */; };
		04ACCF35293D05670018D5AE /* NGBodyLabel.swift in Sources */ = {isa = PBXBuildFile; fileRef = 04ACCF34293D05670018D5AE /* NGBodyLabel.swift */; };
		04ACCF37293D05D60018D5AE /* NGAlertViewController.swift in Sources */ = {isa = PBXBuildFile; fileRef = 04ACCF36293D05D60018D5AE /* NGAlertViewController.swift */; };
		04ACCF3A293D0AAF0018D5AE /* UIViewController+Extensions.swift in Sources */ = {isa = PBXBuildFile; fileRef = 04ACCF39293D0AAF0018D5AE /* UIViewController+Extensions.swift */; };
		04ACCF3D293D1CDE0018D5AE /* FollowersListViewController.swift in Sources */ = {isa = PBXBuildFile; fileRef = 04ACCF3C293D1CDE0018D5AE /* FollowersListViewController.swift */; };
		04ACCF42293D1E7F0018D5AE /* Follower.swift in Sources */ = {isa = PBXBuildFile; fileRef = 04ACCF41293D1E7F0018D5AE /* Follower.swift */; };
		04ACCF44293D1ED10018D5AE /* User.swift in Sources */ = {isa = PBXBuildFile; fileRef = 04ACCF43293D1ED10018D5AE /* User.swift */; };
		04ACCF47293D1FD20018D5AE /* NetworkManager.swift in Sources */ = {isa = PBXBuildFile; fileRef = 04ACCF46293D1FD20018D5AE /* NetworkManager.swift */; };
		04ACCF4A293D270C0018D5AE /* ErrorMessages.swift in Sources */ = {isa = PBXBuildFile; fileRef = 04ACCF49293D270C0018D5AE /* ErrorMessages.swift */; };
		04ACCF4D293D4B330018D5AE /* FollowerCollectionViewCell.swift in Sources */ = {isa = PBXBuildFile; fileRef = 04ACCF4C293D4B330018D5AE /* FollowerCollectionViewCell.swift */; };
		04ACCF4F293D4B8B0018D5AE /* NGProfileImageView.swift in Sources */ = {isa = PBXBuildFile; fileRef = 04ACCF4E293D4B8B0018D5AE /* NGProfileImageView.swift */; };
		04AEFF4229428BDE0015DE72 /* UserInfoViewController.swift in Sources */ = {isa = PBXBuildFile; fileRef = 04AEFF4129428BDE0015DE72 /* UserInfoViewController.swift */; };
		04AEFF442942980A0015DE72 /* NGUserInfoHeaderViewController.swift in Sources */ = {isa = PBXBuildFile; fileRef = 04AEFF432942980A0015DE72 /* NGUserInfoHeaderViewController.swift */; };
		04AEFF46294298980015DE72 /* NGSecondaryTitleLabel.swift in Sources */ = {isa = PBXBuildFile; fileRef = 04AEFF45294298980015DE72 /* NGSecondaryTitleLabel.swift */; };
		04B7B159293BEB42001AE7D9 /* AppDelegate.swift in Sources */ = {isa = PBXBuildFile; fileRef = 04B7B158293BEB42001AE7D9 /* AppDelegate.swift */; };
		04B7B15B293BEB42001AE7D9 /* SceneDelegate.swift in Sources */ = {isa = PBXBuildFile; fileRef = 04B7B15A293BEB42001AE7D9 /* SceneDelegate.swift */; };
		04B7B163293BEB42001AE7D9 /* GithubNG.xcdatamodeld in Sources */ = {isa = PBXBuildFile; fileRef = 04B7B161293BEB42001AE7D9 /* GithubNG.xcdatamodeld */; };
		04B7B165293BEB44001AE7D9 /* Assets.xcassets in Resources */ = {isa = PBXBuildFile; fileRef = 04B7B164293BEB44001AE7D9 /* Assets.xcassets */; };
		04B7B168293BEB44001AE7D9 /* LaunchScreen.storyboard in Resources */ = {isa = PBXBuildFile; fileRef = 04B7B166293BEB44001AE7D9 /* LaunchScreen.storyboard */; };
		04B7B173293BEB44001AE7D9 /* GithubNGTests.swift in Sources */ = {isa = PBXBuildFile; fileRef = 04B7B172293BEB44001AE7D9 /* GithubNGTests.swift */; };
		04B7B17D293BEB44001AE7D9 /* GithubNGUITests.swift in Sources */ = {isa = PBXBuildFile; fileRef = 04B7B17C293BEB44001AE7D9 /* GithubNGUITests.swift */; };
		04B7B17F293BEB44001AE7D9 /* GithubNGUITestsLaunchTests.swift in Sources */ = {isa = PBXBuildFile; fileRef = 04B7B17E293BEB44001AE7D9 /* GithubNGUITestsLaunchTests.swift */; };
		04B7B18C293BEDA9001AE7D9 /* SearchViewController.swift in Sources */ = {isa = PBXBuildFile; fileRef = 04B7B18B293BEDA8001AE7D9 /* SearchViewController.swift */; };
		04B7B18E293BEDCA001AE7D9 /* FavoritesListViewController.swift in Sources */ = {isa = PBXBuildFile; fileRef = 04B7B18D293BEDCA001AE7D9 /* FavoritesListViewController.swift */; };
		04B7B192293BF148001AE7D9 /* NGButton.swift in Sources */ = {isa = PBXBuildFile; fileRef = 04B7B191293BF148001AE7D9 /* NGButton.swift */; };
		04B7B194293BF2FA001AE7D9 /* NGTextField.swift in Sources */ = {isa = PBXBuildFile; fileRef = 04B7B193293BF2FA001AE7D9 /* NGTextField.swift */; };
		04D6A75C2943EBE600AF0FD4 /* NGItemInfoView.swift in Sources */ = {isa = PBXBuildFile; fileRef = 04D6A75B2943EBE600AF0FD4 /* NGItemInfoView.swift */; };
		04D6A75F2943EEC700AF0FD4 /* NGItemInfoViewController.swift in Sources */ = {isa = PBXBuildFile; fileRef = 04D6A75E2943EEC700AF0FD4 /* NGItemInfoViewController.swift */; };
		04D6A7612943F05C00AF0FD4 /* NGRepoItemViewController.swift in Sources */ = {isa = PBXBuildFile; fileRef = 04D6A7602943F05C00AF0FD4 /* NGRepoItemViewController.swift */; };
		04D6A7632943F19E00AF0FD4 /* NGFollowersItemViewController.swift in Sources */ = {isa = PBXBuildFile; fileRef = 04D6A7622943F19E00AF0FD4 /* NGFollowersItemViewController.swift */; };
		04D6A7662943FFF400AF0FD4 /* PersistenceManager.swift in Sources */ = {isa = PBXBuildFile; fileRef = 04D6A7652943FFF300AF0FD4 /* PersistenceManager.swift */; };
		04F8F7AB293D69CB000D9AC5 /* NGNoUserView.swift in Sources */ = {isa = PBXBuildFile; fileRef = 04F8F7AA293D69CB000D9AC5 /* NGNoUserView.swift */; };
/* End PBXBuildFile section */

/* Begin PBXContainerItemProxy section */
		04B7B16F293BEB44001AE7D9 /* PBXContainerItemProxy */ = {
			isa = PBXContainerItemProxy;
			containerPortal = 04B7B14D293BEB42001AE7D9 /* Project object */;
			proxyType = 1;
			remoteGlobalIDString = 04B7B154293BEB42001AE7D9;
			remoteInfo = GithubNG;
		};
		04B7B179293BEB44001AE7D9 /* PBXContainerItemProxy */ = {
			isa = PBXContainerItemProxy;
			containerPortal = 04B7B14D293BEB42001AE7D9 /* Project object */;
			proxyType = 1;
			remoteGlobalIDString = 04B7B154293BEB42001AE7D9;
			remoteInfo = GithubNG;
		};
/* End PBXContainerItemProxy section */

/* Begin PBXFileReference section */
		042DB33B294549FF006139AD /* FavoritesTableViewCell.swift */ = {isa = PBXFileReference; lastKnownFileType = sourcecode.swift; path = FavoritesTableViewCell.swift; sourceTree = "<group>"; };
		04ACCF32293D048B0018D5AE /* NGTitleLabel.swift */ = {isa = PBXFileReference; lastKnownFileType = sourcecode.swift; path = NGTitleLabel.swift; sourceTree = "<group>"; };
		04ACCF34293D05670018D5AE /* NGBodyLabel.swift */ = {isa = PBXFileReference; lastKnownFileType = sourcecode.swift; path = NGBodyLabel.swift; sourceTree = "<group>"; };
		04ACCF36293D05D60018D5AE /* NGAlertViewController.swift */ = {isa = PBXFileReference; lastKnownFileType = sourcecode.swift; path = NGAlertViewController.swift; sourceTree = "<group>"; };
		04ACCF39293D0AAF0018D5AE /* UIViewController+Extensions.swift */ = {isa = PBXFileReference; lastKnownFileType = sourcecode.swift; path = "UIViewController+Extensions.swift"; sourceTree = "<group>"; };
		04ACCF3C293D1CDE0018D5AE /* FollowersListViewController.swift */ = {isa = PBXFileReference; lastKnownFileType = sourcecode.swift; path = FollowersListViewController.swift; sourceTree = "<group>"; };
		04ACCF41293D1E7F0018D5AE /* Follower.swift */ = {isa = PBXFileReference; lastKnownFileType = sourcecode.swift; path = Follower.swift; sourceTree = "<group>"; };
		04ACCF43293D1ED10018D5AE /* User.swift */ = {isa = PBXFileReference; lastKnownFileType = sourcecode.swift; path = User.swift; sourceTree = "<group>"; };
		04ACCF46293D1FD20018D5AE /* NetworkManager.swift */ = {isa = PBXFileReference; lastKnownFileType = sourcecode.swift; path = NetworkManager.swift; sourceTree = "<group>"; };
		04ACCF49293D270C0018D5AE /* ErrorMessages.swift */ = {isa = PBXFileReference; lastKnownFileType = sourcecode.swift; path = ErrorMessages.swift; sourceTree = "<group>"; };
		04ACCF4C293D4B330018D5AE /* FollowerCollectionViewCell.swift */ = {isa = PBXFileReference; lastKnownFileType = sourcecode.swift; path = FollowerCollectionViewCell.swift; sourceTree = "<group>"; };
		04ACCF4E293D4B8B0018D5AE /* NGProfileImageView.swift */ = {isa = PBXFileReference; lastKnownFileType = sourcecode.swift; path = NGProfileImageView.swift; sourceTree = "<group>"; };
		04AEFF4129428BDE0015DE72 /* UserInfoViewController.swift */ = {isa = PBXFileReference; lastKnownFileType = sourcecode.swift; path = UserInfoViewController.swift; sourceTree = "<group>"; };
		04AEFF432942980A0015DE72 /* NGUserInfoHeaderViewController.swift */ = {isa = PBXFileReference; lastKnownFileType = sourcecode.swift; path = NGUserInfoHeaderViewController.swift; sourceTree = "<group>"; };
		04AEFF45294298980015DE72 /* NGSecondaryTitleLabel.swift */ = {isa = PBXFileReference; lastKnownFileType = sourcecode.swift; path = NGSecondaryTitleLabel.swift; sourceTree = "<group>"; };
		04B7B155293BEB42001AE7D9 /* GithubNG.app */ = {isa = PBXFileReference; explicitFileType = wrapper.application; includeInIndex = 0; path = GithubNG.app; sourceTree = BUILT_PRODUCTS_DIR; };
		04B7B158293BEB42001AE7D9 /* AppDelegate.swift */ = {isa = PBXFileReference; lastKnownFileType = sourcecode.swift; path = AppDelegate.swift; sourceTree = "<group>"; };
		04B7B15A293BEB42001AE7D9 /* SceneDelegate.swift */ = {isa = PBXFileReference; lastKnownFileType = sourcecode.swift; path = SceneDelegate.swift; sourceTree = "<group>"; };
		04B7B162293BEB42001AE7D9 /* GithubNG.xcdatamodel */ = {isa = PBXFileReference; lastKnownFileType = wrapper.xcdatamodel; path = GithubNG.xcdatamodel; sourceTree = "<group>"; };
		04B7B164293BEB44001AE7D9 /* Assets.xcassets */ = {isa = PBXFileReference; lastKnownFileType = folder.assetcatalog; path = Assets.xcassets; sourceTree = "<group>"; };
		04B7B167293BEB44001AE7D9 /* Base */ = {isa = PBXFileReference; lastKnownFileType = file.storyboard; name = Base; path = Base.lproj/LaunchScreen.storyboard; sourceTree = "<group>"; };
		04B7B169293BEB44001AE7D9 /* Info.plist */ = {isa = PBXFileReference; lastKnownFileType = text.plist.xml; path = Info.plist; sourceTree = "<group>"; };
		04B7B16E293BEB44001AE7D9 /* GithubNGTests.xctest */ = {isa = PBXFileReference; explicitFileType = wrapper.cfbundle; includeInIndex = 0; path = GithubNGTests.xctest; sourceTree = BUILT_PRODUCTS_DIR; };
		04B7B172293BEB44001AE7D9 /* GithubNGTests.swift */ = {isa = PBXFileReference; lastKnownFileType = sourcecode.swift; path = GithubNGTests.swift; sourceTree = "<group>"; };
		04B7B178293BEB44001AE7D9 /* GithubNGUITests.xctest */ = {isa = PBXFileReference; explicitFileType = wrapper.cfbundle; includeInIndex = 0; path = GithubNGUITests.xctest; sourceTree = BUILT_PRODUCTS_DIR; };
		04B7B17C293BEB44001AE7D9 /* GithubNGUITests.swift */ = {isa = PBXFileReference; lastKnownFileType = sourcecode.swift; path = GithubNGUITests.swift; sourceTree = "<group>"; };
		04B7B17E293BEB44001AE7D9 /* GithubNGUITestsLaunchTests.swift */ = {isa = PBXFileReference; lastKnownFileType = sourcecode.swift; path = GithubNGUITestsLaunchTests.swift; sourceTree = "<group>"; };
		04B7B18B293BEDA8001AE7D9 /* SearchViewController.swift */ = {isa = PBXFileReference; lastKnownFileType = sourcecode.swift; path = SearchViewController.swift; sourceTree = "<group>"; };
		04B7B18D293BEDCA001AE7D9 /* FavoritesListViewController.swift */ = {isa = PBXFileReference; lastKnownFileType = sourcecode.swift; path = FavoritesListViewController.swift; sourceTree = "<group>"; };
		04B7B191293BF148001AE7D9 /* NGButton.swift */ = {isa = PBXFileReference; lastKnownFileType = sourcecode.swift; path = NGButton.swift; sourceTree = "<group>"; };
		04B7B193293BF2FA001AE7D9 /* NGTextField.swift */ = {isa = PBXFileReference; lastKnownFileType = sourcecode.swift; path = NGTextField.swift; sourceTree = "<group>"; };
		04D6A75B2943EBE600AF0FD4 /* NGItemInfoView.swift */ = {isa = PBXFileReference; lastKnownFileType = sourcecode.swift; path = NGItemInfoView.swift; sourceTree = "<group>"; };
		04D6A75E2943EEC700AF0FD4 /* NGItemInfoViewController.swift */ = {isa = PBXFileReference; lastKnownFileType = sourcecode.swift; path = NGItemInfoViewController.swift; sourceTree = "<group>"; };
		04D6A7602943F05C00AF0FD4 /* NGRepoItemViewController.swift */ = {isa = PBXFileReference; lastKnownFileType = sourcecode.swift; path = NGRepoItemViewController.swift; sourceTree = "<group>"; };
		04D6A7622943F19E00AF0FD4 /* NGFollowersItemViewController.swift */ = {isa = PBXFileReference; lastKnownFileType = sourcecode.swift; path = NGFollowersItemViewController.swift; sourceTree = "<group>"; };
		04D6A7652943FFF300AF0FD4 /* PersistenceManager.swift */ = {isa = PBXFileReference; lastKnownFileType = sourcecode.swift; path = PersistenceManager.swift; sourceTree = "<group>"; };
		04F8F7AA293D69CB000D9AC5 /* NGNoUserView.swift */ = {isa = PBXFileReference; lastKnownFileType = sourcecode.swift; path = NGNoUserView.swift; sourceTree = "<group>"; };
/* End PBXFileReference section */

/* Begin PBXFrameworksBuildPhase section */
		04B7B152293BEB42001AE7D9 /* Frameworks */ = {
			isa = PBXFrameworksBuildPhase;
			buildActionMask = 2147483647;
			files = (
			);
			runOnlyForDeploymentPostprocessing = 0;
		};
		04B7B16B293BEB44001AE7D9 /* Frameworks */ = {
			isa = PBXFrameworksBuildPhase;
			buildActionMask = 2147483647;
			files = (
			);
			runOnlyForDeploymentPostprocessing = 0;
		};
		04B7B175293BEB44001AE7D9 /* Frameworks */ = {
			isa = PBXFrameworksBuildPhase;
			buildActionMask = 2147483647;
			files = (
			);
			runOnlyForDeploymentPostprocessing = 0;
		};
/* End PBXFrameworksBuildPhase section */

/* Begin PBXGroup section */
		04ACCF38293D0A970018D5AE /* Extensions */ = {
			isa = PBXGroup;
			children = (
				04ACCF39293D0AAF0018D5AE /* UIViewController+Extensions.swift */,
			);
			path = Extensions;
			sourceTree = "<group>";
		};
		04ACCF3B293D1CB60018D5AE /* Screens */ = {
			isa = PBXGroup;
			children = (
				04B7B18D293BEDCA001AE7D9 /* FavoritesListViewController.swift */,
				04B7B18B293BEDA8001AE7D9 /* SearchViewController.swift */,
				04ACCF3C293D1CDE0018D5AE /* FollowersListViewController.swift */,
				04AEFF4129428BDE0015DE72 /* UserInfoViewController.swift */,
			);
			path = Screens;
			sourceTree = "<group>";
		};
		04ACCF3E293D1CF40018D5AE /* Custom Views */ = {
			isa = PBXGroup;
			children = (
				04D6A75D2943EEAB00AF0FD4 /* ViewCountrollers */,
				04F8F7A9293D69B3000D9AC5 /* UIView */,
				04ACCF4B293D4B1E0018D5AE /* Cells */,
				04ACCF34293D05670018D5AE /* NGBodyLabel.swift */,
				04ACCF32293D048B0018D5AE /* NGTitleLabel.swift */,
				04AEFF45294298980015DE72 /* NGSecondaryTitleLabel.swift */,
				04B7B193293BF2FA001AE7D9 /* NGTextField.swift */,
				04B7B191293BF148001AE7D9 /* NGButton.swift */,
				04ACCF4E293D4B8B0018D5AE /* NGProfileImageView.swift */,
			);
			path = "Custom Views";
			sourceTree = "<group>";
		};
		04ACCF3F293D1D2C0018D5AE /* Supporting */ = {
			isa = PBXGroup;
			children = (
				04B7B158293BEB42001AE7D9 /* AppDelegate.swift */,
				04B7B15A293BEB42001AE7D9 /* SceneDelegate.swift */,
				04B7B164293BEB44001AE7D9 /* Assets.xcassets */,
				04B7B166293BEB44001AE7D9 /* LaunchScreen.storyboard */,
			);
			path = Supporting;
			sourceTree = "<group>";
		};
		04ACCF40293D1E740018D5AE /* Model */ = {
			isa = PBXGroup;
			children = (
				04ACCF41293D1E7F0018D5AE /* Follower.swift */,
				04ACCF43293D1ED10018D5AE /* User.swift */,
			);
			path = Model;
			sourceTree = "<group>";
		};
		04ACCF45293D1FC80018D5AE /* Managers */ = {
			isa = PBXGroup;
			children = (
				04ACCF46293D1FD20018D5AE /* NetworkManager.swift */,
				04D6A7652943FFF300AF0FD4 /* PersistenceManager.swift */,
			);
			path = Managers;
			sourceTree = "<group>";
		};
		04ACCF48293D27020018D5AE /* Utils */ = {
			isa = PBXGroup;
			children = (
				04ACCF49293D270C0018D5AE /* ErrorMessages.swift */,
			);
			path = Utils;
			sourceTree = "<group>";
		};
		04ACCF4B293D4B1E0018D5AE /* Cells */ = {
			isa = PBXGroup;
			children = (
				04ACCF4C293D4B330018D5AE /* FollowerCollectionViewCell.swift */,
				042DB33B294549FF006139AD /* FavoritesTableViewCell.swift */,
			);
			path = Cells;
			sourceTree = "<group>";
		};
		04B7B14C293BEB42001AE7D9 = {
			isa = PBXGroup;
			children = (
				04B7B157293BEB42001AE7D9 /* GithubNG */,
				04B7B171293BEB44001AE7D9 /* GithubNGTests */,
				04B7B17B293BEB44001AE7D9 /* GithubNGUITests */,
				04B7B156293BEB42001AE7D9 /* Products */,
			);
			sourceTree = "<group>";
		};
		04B7B156293BEB42001AE7D9 /* Products */ = {
			isa = PBXGroup;
			children = (
				04B7B155293BEB42001AE7D9 /* GithubNG.app */,
				04B7B16E293BEB44001AE7D9 /* GithubNGTests.xctest */,
				04B7B178293BEB44001AE7D9 /* GithubNGUITests.xctest */,
			);
			name = Products;
			sourceTree = "<group>";
		};
		04B7B157293BEB42001AE7D9 /* GithubNG */ = {
			isa = PBXGroup;
			children = (
				04ACCF48293D27020018D5AE /* Utils */,
				04ACCF45293D1FC80018D5AE /* Managers */,
				04ACCF40293D1E740018D5AE /* Model */,
				04ACCF3B293D1CB60018D5AE /* Screens */,
				04ACCF38293D0A970018D5AE /* Extensions */,
				04ACCF3E293D1CF40018D5AE /* Custom Views */,
				04ACCF3F293D1D2C0018D5AE /* Supporting */,
				04B7B169293BEB44001AE7D9 /* Info.plist */,
				04B7B161293BEB42001AE7D9 /* GithubNG.xcdatamodeld */,
				04ACCF36293D05D60018D5AE /* NGAlertViewController.swift */,
			);
			path = GithubNG;
			sourceTree = "<group>";
		};
		04B7B171293BEB44001AE7D9 /* GithubNGTests */ = {
			isa = PBXGroup;
			children = (
				04B7B172293BEB44001AE7D9 /* GithubNGTests.swift */,
			);
			path = GithubNGTests;
			sourceTree = "<group>";
		};
		04B7B17B293BEB44001AE7D9 /* GithubNGUITests */ = {
			isa = PBXGroup;
			children = (
				04B7B17C293BEB44001AE7D9 /* GithubNGUITests.swift */,
				04B7B17E293BEB44001AE7D9 /* GithubNGUITestsLaunchTests.swift */,
			);
			path = GithubNGUITests;
			sourceTree = "<group>";
		};
		04D6A75D2943EEAB00AF0FD4 /* ViewCountrollers */ = {
			isa = PBXGroup;
			children = (
				04D6A7642943F1CD00AF0FD4 /* ItemInfoViewControllers */,
				04AEFF432942980A0015DE72 /* NGUserInfoHeaderViewController.swift */,
			);
			path = ViewCountrollers;
			sourceTree = "<group>";
		};
		04D6A7642943F1CD00AF0FD4 /* ItemInfoViewControllers */ = {
			isa = PBXGroup;
			children = (
				04D6A75E2943EEC700AF0FD4 /* NGItemInfoViewController.swift */,
				04D6A7602943F05C00AF0FD4 /* NGRepoItemViewController.swift */,
				04D6A7622943F19E00AF0FD4 /* NGFollowersItemViewController.swift */,
			);
			path = ItemInfoViewControllers;
			sourceTree = "<group>";
		};
		04F8F7A9293D69B3000D9AC5 /* UIView */ = {
			isa = PBXGroup;
			children = (
				04F8F7AA293D69CB000D9AC5 /* NGNoUserView.swift */,
				04D6A75B2943EBE600AF0FD4 /* NGItemInfoView.swift */,
			);
			path = UIView;
			sourceTree = "<group>";
		};
/* End PBXGroup section */

/* Begin PBXNativeTarget section */
		04B7B154293BEB42001AE7D9 /* GithubNG */ = {
			isa = PBXNativeTarget;
			buildConfigurationList = 04B7B182293BEB44001AE7D9 /* Build configuration list for PBXNativeTarget "GithubNG" */;
			buildPhases = (
				04B7B151293BEB42001AE7D9 /* Sources */,
				04B7B152293BEB42001AE7D9 /* Frameworks */,
				04B7B153293BEB42001AE7D9 /* Resources */,
			);
			buildRules = (
			);
			dependencies = (
			);
			name = GithubNG;
			productName = GithubNG;
			productReference = 04B7B155293BEB42001AE7D9 /* GithubNG.app */;
			productType = "com.apple.product-type.application";
		};
		04B7B16D293BEB44001AE7D9 /* GithubNGTests */ = {
			isa = PBXNativeTarget;
			buildConfigurationList = 04B7B185293BEB44001AE7D9 /* Build configuration list for PBXNativeTarget "GithubNGTests" */;
			buildPhases = (
				04B7B16A293BEB44001AE7D9 /* Sources */,
				04B7B16B293BEB44001AE7D9 /* Frameworks */,
				04B7B16C293BEB44001AE7D9 /* Resources */,
			);
			buildRules = (
			);
			dependencies = (
				04B7B170293BEB44001AE7D9 /* PBXTargetDependency */,
			);
			name = GithubNGTests;
			productName = GithubNGTests;
			productReference = 04B7B16E293BEB44001AE7D9 /* GithubNGTests.xctest */;
			productType = "com.apple.product-type.bundle.unit-test";
		};
		04B7B177293BEB44001AE7D9 /* GithubNGUITests */ = {
			isa = PBXNativeTarget;
			buildConfigurationList = 04B7B188293BEB44001AE7D9 /* Build configuration list for PBXNativeTarget "GithubNGUITests" */;
			buildPhases = (
				04B7B174293BEB44001AE7D9 /* Sources */,
				04B7B175293BEB44001AE7D9 /* Frameworks */,
				04B7B176293BEB44001AE7D9 /* Resources */,
			);
			buildRules = (
			);
			dependencies = (
				04B7B17A293BEB44001AE7D9 /* PBXTargetDependency */,
			);
			name = GithubNGUITests;
			productName = GithubNGUITests;
			productReference = 04B7B178293BEB44001AE7D9 /* GithubNGUITests.xctest */;
			productType = "com.apple.product-type.bundle.ui-testing";
		};
/* End PBXNativeTarget section */

/* Begin PBXProject section */
		04B7B14D293BEB42001AE7D9 /* Project object */ = {
			isa = PBXProject;
			attributes = {
				BuildIndependentTargetsInParallel = 1;
				LastSwiftUpdateCheck = 1400;
				LastUpgradeCheck = 1400;
				TargetAttributes = {
					04B7B154293BEB42001AE7D9 = {
						CreatedOnToolsVersion = 14.0;
					};
					04B7B16D293BEB44001AE7D9 = {
						CreatedOnToolsVersion = 14.0;
						TestTargetID = 04B7B154293BEB42001AE7D9;
					};
					04B7B177293BEB44001AE7D9 = {
						CreatedOnToolsVersion = 14.0;
						TestTargetID = 04B7B154293BEB42001AE7D9;
					};
				};
			};
			buildConfigurationList = 04B7B150293BEB42001AE7D9 /* Build configuration list for PBXProject "GithubNG" */;
			compatibilityVersion = "Xcode 14.0";
			developmentRegion = en;
			hasScannedForEncodings = 0;
			knownRegions = (
				en,
				Base,
			);
			mainGroup = 04B7B14C293BEB42001AE7D9;
			productRefGroup = 04B7B156293BEB42001AE7D9 /* Products */;
			projectDirPath = "";
			projectRoot = "";
			targets = (
				04B7B154293BEB42001AE7D9 /* GithubNG */,
				04B7B16D293BEB44001AE7D9 /* GithubNGTests */,
				04B7B177293BEB44001AE7D9 /* GithubNGUITests */,
			);
		};
/* End PBXProject section */

/* Begin PBXResourcesBuildPhase section */
		04B7B153293BEB42001AE7D9 /* Resources */ = {
			isa = PBXResourcesBuildPhase;
			buildActionMask = 2147483647;
			files = (
				04B7B168293BEB44001AE7D9 /* LaunchScreen.storyboard in Resources */,
				04B7B165293BEB44001AE7D9 /* Assets.xcassets in Resources */,
			);
			runOnlyForDeploymentPostprocessing = 0;
		};
		04B7B16C293BEB44001AE7D9 /* Resources */ = {
			isa = PBXResourcesBuildPhase;
			buildActionMask = 2147483647;
			files = (
			);
			runOnlyForDeploymentPostprocessing = 0;
		};
		04B7B176293BEB44001AE7D9 /* Resources */ = {
			isa = PBXResourcesBuildPhase;
			buildActionMask = 2147483647;
			files = (
			);
			runOnlyForDeploymentPostprocessing = 0;
		};
/* End PBXResourcesBuildPhase section */

/* Begin PBXSourcesBuildPhase section */
		04B7B151293BEB42001AE7D9 /* Sources */ = {
			isa = PBXSourcesBuildPhase;
			buildActionMask = 2147483647;
			files = (
				04D6A75F2943EEC700AF0FD4 /* NGItemInfoViewController.swift in Sources */,
				04ACCF4A293D270C0018D5AE /* ErrorMessages.swift in Sources */,
				04B7B194293BF2FA001AE7D9 /* NGTextField.swift in Sources */,
				04ACCF35293D05670018D5AE /* NGBodyLabel.swift in Sources */,
				04ACCF4F293D4B8B0018D5AE /* NGProfileImageView.swift in Sources */,
				04B7B192293BF148001AE7D9 /* NGButton.swift in Sources */,
				04B7B18E293BEDCA001AE7D9 /* FavoritesListViewController.swift in Sources */,
				04ACCF3D293D1CDE0018D5AE /* FollowersListViewController.swift in Sources */,
				04B7B163293BEB42001AE7D9 /* GithubNG.xcdatamodeld in Sources */,
				04D6A75C2943EBE600AF0FD4 /* NGItemInfoView.swift in Sources */,
				04ACCF44293D1ED10018D5AE /* User.swift in Sources */,
				04ACCF4D293D4B330018D5AE /* FollowerCollectionViewCell.swift in Sources */,
				04ACCF33293D048B0018D5AE /* NGTitleLabel.swift in Sources */,
				042DB33C294549FF006139AD /* FavoritesTableViewCell.swift in Sources */,
				04ACCF42293D1E7F0018D5AE /* Follower.swift in Sources */,
				04ACCF3A293D0AAF0018D5AE /* UIViewController+Extensions.swift in Sources */,
				04D6A7662943FFF400AF0FD4 /* PersistenceManager.swift in Sources */,
				04B7B159293BEB42001AE7D9 /* AppDelegate.swift in Sources */,
				04B7B18C293BEDA9001AE7D9 /* SearchViewController.swift in Sources */,
				04ACCF47293D1FD20018D5AE /* NetworkManager.swift in Sources */,
				04D6A7632943F19E00AF0FD4 /* NGFollowersItemViewController.swift in Sources */,
				04ACCF37293D05D60018D5AE /* NGAlertViewController.swift in Sources */,
				04AEFF442942980A0015DE72 /* NGUserInfoHeaderViewController.swift in Sources */,
				04D6A7612943F05C00AF0FD4 /* NGRepoItemViewController.swift in Sources */,
				04AEFF4229428BDE0015DE72 /* UserInfoViewController.swift in Sources */,
				04B7B15B293BEB42001AE7D9 /* SceneDelegate.swift in Sources */,
				04AEFF46294298980015DE72 /* NGSecondaryTitleLabel.swift in Sources */,
				04F8F7AB293D69CB000D9AC5 /* NGNoUserView.swift in Sources */,
			);
			runOnlyForDeploymentPostprocessing = 0;
		};
		04B7B16A293BEB44001AE7D9 /* Sources */ = {
			isa = PBXSourcesBuildPhase;
			buildActionMask = 2147483647;
			files = (
				04B7B173293BEB44001AE7D9 /* GithubNGTests.swift in Sources */,
			);
			runOnlyForDeploymentPostprocessing = 0;
		};
		04B7B174293BEB44001AE7D9 /* Sources */ = {
			isa = PBXSourcesBuildPhase;
			buildActionMask = 2147483647;
			files = (
				04B7B17F293BEB44001AE7D9 /* GithubNGUITestsLaunchTests.swift in Sources */,
				04B7B17D293BEB44001AE7D9 /* GithubNGUITests.swift in Sources */,
			);
			runOnlyForDeploymentPostprocessing = 0;
		};
/* End PBXSourcesBuildPhase section */

/* Begin PBXTargetDependency section */
		04B7B170293BEB44001AE7D9 /* PBXTargetDependency */ = {
			isa = PBXTargetDependency;
			target = 04B7B154293BEB42001AE7D9 /* GithubNG */;
			targetProxy = 04B7B16F293BEB44001AE7D9 /* PBXContainerItemProxy */;
		};
		04B7B17A293BEB44001AE7D9 /* PBXTargetDependency */ = {
			isa = PBXTargetDependency;
			target = 04B7B154293BEB42001AE7D9 /* GithubNG */;
			targetProxy = 04B7B179293BEB44001AE7D9 /* PBXContainerItemProxy */;
		};
/* End PBXTargetDependency section */

/* Begin PBXVariantGroup section */
		04B7B166293BEB44001AE7D9 /* LaunchScreen.storyboard */ = {
			isa = PBXVariantGroup;
			children = (
				04B7B167293BEB44001AE7D9 /* Base */,
			);
			name = LaunchScreen.storyboard;
			sourceTree = "<group>";
		};
/* End PBXVariantGroup section */

/* Begin XCBuildConfiguration section */
		04B7B180293BEB44001AE7D9 /* Debug */ = {
			isa = XCBuildConfiguration;
			buildSettings = {
				ALWAYS_SEARCH_USER_PATHS = NO;
				CLANG_ANALYZER_NONNULL = YES;
				CLANG_ANALYZER_NUMBER_OBJECT_CONVERSION = YES_AGGRESSIVE;
				CLANG_CXX_LANGUAGE_STANDARD = "gnu++20";
				CLANG_ENABLE_MODULES = YES;
				CLANG_ENABLE_OBJC_ARC = YES;
				CLANG_ENABLE_OBJC_WEAK = YES;
				CLANG_WARN_BLOCK_CAPTURE_AUTORELEASING = YES;
				CLANG_WARN_BOOL_CONVERSION = YES;
				CLANG_WARN_COMMA = YES;
				CLANG_WARN_CONSTANT_CONVERSION = YES;
				CLANG_WARN_DEPRECATED_OBJC_IMPLEMENTATIONS = YES;
				CLANG_WARN_DIRECT_OBJC_ISA_USAGE = YES_ERROR;
				CLANG_WARN_DOCUMENTATION_COMMENTS = YES;
				CLANG_WARN_EMPTY_BODY = YES;
				CLANG_WARN_ENUM_CONVERSION = YES;
				CLANG_WARN_INFINITE_RECURSION = YES;
				CLANG_WARN_INT_CONVERSION = YES;
				CLANG_WARN_NON_LITERAL_NULL_CONVERSION = YES;
				CLANG_WARN_OBJC_IMPLICIT_RETAIN_SELF = YES;
				CLANG_WARN_OBJC_LITERAL_CONVERSION = YES;
				CLANG_WARN_OBJC_ROOT_CLASS = YES_ERROR;
				CLANG_WARN_QUOTED_INCLUDE_IN_FRAMEWORK_HEADER = YES;
				CLANG_WARN_RANGE_LOOP_ANALYSIS = YES;
				CLANG_WARN_STRICT_PROTOTYPES = YES;
				CLANG_WARN_SUSPICIOUS_MOVE = YES;
				CLANG_WARN_UNGUARDED_AVAILABILITY = YES_AGGRESSIVE;
				CLANG_WARN_UNREACHABLE_CODE = YES;
				CLANG_WARN__DUPLICATE_METHOD_MATCH = YES;
				COPY_PHASE_STRIP = NO;
				DEBUG_INFORMATION_FORMAT = dwarf;
				ENABLE_STRICT_OBJC_MSGSEND = YES;
				ENABLE_TESTABILITY = YES;
				GCC_C_LANGUAGE_STANDARD = gnu11;
				GCC_DYNAMIC_NO_PIC = NO;
				GCC_NO_COMMON_BLOCKS = YES;
				GCC_OPTIMIZATION_LEVEL = 0;
				GCC_PREPROCESSOR_DEFINITIONS = (
					"DEBUG=1",
					"$(inherited)",
				);
				GCC_WARN_64_TO_32_BIT_CONVERSION = YES;
				GCC_WARN_ABOUT_RETURN_TYPE = YES_ERROR;
				GCC_WARN_UNDECLARED_SELECTOR = YES;
				GCC_WARN_UNINITIALIZED_AUTOS = YES_AGGRESSIVE;
				GCC_WARN_UNUSED_FUNCTION = YES;
				GCC_WARN_UNUSED_VARIABLE = YES;
				IPHONEOS_DEPLOYMENT_TARGET = 16.0;
				MTL_ENABLE_DEBUG_INFO = INCLUDE_SOURCE;
				MTL_FAST_MATH = YES;
				ONLY_ACTIVE_ARCH = YES;
				SDKROOT = iphoneos;
				SWIFT_ACTIVE_COMPILATION_CONDITIONS = DEBUG;
				SWIFT_OPTIMIZATION_LEVEL = "-Onone";
			};
			name = Debug;
		};
		04B7B181293BEB44001AE7D9 /* Release */ = {
			isa = XCBuildConfiguration;
			buildSettings = {
				ALWAYS_SEARCH_USER_PATHS = NO;
				CLANG_ANALYZER_NONNULL = YES;
				CLANG_ANALYZER_NUMBER_OBJECT_CONVERSION = YES_AGGRESSIVE;
				CLANG_CXX_LANGUAGE_STANDARD = "gnu++20";
				CLANG_ENABLE_MODULES = YES;
				CLANG_ENABLE_OBJC_ARC = YES;
				CLANG_ENABLE_OBJC_WEAK = YES;
				CLANG_WARN_BLOCK_CAPTURE_AUTORELEASING = YES;
				CLANG_WARN_BOOL_CONVERSION = YES;
				CLANG_WARN_COMMA = YES;
				CLANG_WARN_CONSTANT_CONVERSION = YES;
				CLANG_WARN_DEPRECATED_OBJC_IMPLEMENTATIONS = YES;
				CLANG_WARN_DIRECT_OBJC_ISA_USAGE = YES_ERROR;
				CLANG_WARN_DOCUMENTATION_COMMENTS = YES;
				CLANG_WARN_EMPTY_BODY = YES;
				CLANG_WARN_ENUM_CONVERSION = YES;
				CLANG_WARN_INFINITE_RECURSION = YES;
				CLANG_WARN_INT_CONVERSION = YES;
				CLANG_WARN_NON_LITERAL_NULL_CONVERSION = YES;
				CLANG_WARN_OBJC_IMPLICIT_RETAIN_SELF = YES;
				CLANG_WARN_OBJC_LITERAL_CONVERSION = YES;
				CLANG_WARN_OBJC_ROOT_CLASS = YES_ERROR;
				CLANG_WARN_QUOTED_INCLUDE_IN_FRAMEWORK_HEADER = YES;
				CLANG_WARN_RANGE_LOOP_ANALYSIS = YES;
				CLANG_WARN_STRICT_PROTOTYPES = YES;
				CLANG_WARN_SUSPICIOUS_MOVE = YES;
				CLANG_WARN_UNGUARDED_AVAILABILITY = YES_AGGRESSIVE;
				CLANG_WARN_UNREACHABLE_CODE = YES;
				CLANG_WARN__DUPLICATE_METHOD_MATCH = YES;
				COPY_PHASE_STRIP = NO;
				DEBUG_INFORMATION_FORMAT = "dwarf-with-dsym";
				ENABLE_NS_ASSERTIONS = NO;
				ENABLE_STRICT_OBJC_MSGSEND = YES;
				GCC_C_LANGUAGE_STANDARD = gnu11;
				GCC_NO_COMMON_BLOCKS = YES;
				GCC_WARN_64_TO_32_BIT_CONVERSION = YES;
				GCC_WARN_ABOUT_RETURN_TYPE = YES_ERROR;
				GCC_WARN_UNDECLARED_SELECTOR = YES;
				GCC_WARN_UNINITIALIZED_AUTOS = YES_AGGRESSIVE;
				GCC_WARN_UNUSED_FUNCTION = YES;
				GCC_WARN_UNUSED_VARIABLE = YES;
				IPHONEOS_DEPLOYMENT_TARGET = 16.0;
				MTL_ENABLE_DEBUG_INFO = NO;
				MTL_FAST_MATH = YES;
				SDKROOT = iphoneos;
				SWIFT_COMPILATION_MODE = wholemodule;
				SWIFT_OPTIMIZATION_LEVEL = "-O";
				VALIDATE_PRODUCT = YES;
			};
			name = Release;
		};
		04B7B183293BEB44001AE7D9 /* Debug */ = {
			isa = XCBuildConfiguration;
			buildSettings = {
				ASSETCATALOG_COMPILER_APPICON_NAME = AppIcon;
				ASSETCATALOG_COMPILER_GLOBAL_ACCENT_COLOR_NAME = AccentColor;
				CODE_SIGN_STYLE = Automatic;
				CURRENT_PROJECT_VERSION = 1;
				DEVELOPMENT_TEAM = 2KSC9XF23M;
				GENERATE_INFOPLIST_FILE = YES;
				INFOPLIST_FILE = GithubNG/Info.plist;
				INFOPLIST_KEY_UIApplicationSupportsIndirectInputEvents = YES;
				INFOPLIST_KEY_UILaunchStoryboardName = LaunchScreen;
				INFOPLIST_KEY_UISupportedInterfaceOrientations_iPad = "UIInterfaceOrientationPortrait UIInterfaceOrientationPortraitUpsideDown UIInterfaceOrientationLandscapeLeft UIInterfaceOrientationLandscapeRight";
				INFOPLIST_KEY_UISupportedInterfaceOrientations_iPhone = "UIInterfaceOrientationPortrait UIInterfaceOrientationLandscapeLeft UIInterfaceOrientationLandscapeRight";
				LD_RUNPATH_SEARCH_PATHS = (
					"$(inherited)",
					"@executable_path/Frameworks",
				);
				MARKETING_VERSION = 1.0;
				PRODUCT_BUNDLE_IDENTIFIER = appdevelop.GithubNG;
				PRODUCT_NAME = "$(TARGET_NAME)";
				SWIFT_EMIT_LOC_STRINGS = YES;
				SWIFT_VERSION = 5.0;
				TARGETED_DEVICE_FAMILY = "1,2";
			};
			name = Debug;
		};
		04B7B184293BEB44001AE7D9 /* Release */ = {
			isa = XCBuildConfiguration;
			buildSettings = {
				ASSETCATALOG_COMPILER_APPICON_NAME = AppIcon;
				ASSETCATALOG_COMPILER_GLOBAL_ACCENT_COLOR_NAME = AccentColor;
				CODE_SIGN_STYLE = Automatic;
				CURRENT_PROJECT_VERSION = 1;
				DEVELOPMENT_TEAM = 2KSC9XF23M;
				GENERATE_INFOPLIST_FILE = YES;
				INFOPLIST_FILE = GithubNG/Info.plist;
				INFOPLIST_KEY_UIApplicationSupportsIndirectInputEvents = YES;
				INFOPLIST_KEY_UILaunchStoryboardName = LaunchScreen;
				INFOPLIST_KEY_UISupportedInterfaceOrientations_iPad = "UIInterfaceOrientationPortrait UIInterfaceOrientationPortraitUpsideDown UIInterfaceOrientationLandscapeLeft UIInterfaceOrientationLandscapeRight";
				INFOPLIST_KEY_UISupportedInterfaceOrientations_iPhone = "UIInterfaceOrientationPortrait UIInterfaceOrientationLandscapeLeft UIInterfaceOrientationLandscapeRight";
				LD_RUNPATH_SEARCH_PATHS = (
					"$(inherited)",
					"@executable_path/Frameworks",
				);
				MARKETING_VERSION = 1.0;
				PRODUCT_BUNDLE_IDENTIFIER = appdevelop.GithubNG;
				PRODUCT_NAME = "$(TARGET_NAME)";
				SWIFT_EMIT_LOC_STRINGS = YES;
				SWIFT_VERSION = 5.0;
				TARGETED_DEVICE_FAMILY = "1,2";
			};
			name = Release;
		};
		04B7B186293BEB44001AE7D9 /* Debug */ = {
			isa = XCBuildConfiguration;
			buildSettings = {
				ALWAYS_EMBED_SWIFT_STANDARD_LIBRARIES = YES;
				BUNDLE_LOADER = "$(TEST_HOST)";
				CODE_SIGN_STYLE = Automatic;
				CURRENT_PROJECT_VERSION = 1;
				DEVELOPMENT_TEAM = 2KSC9XF23M;
				GENERATE_INFOPLIST_FILE = YES;
				IPHONEOS_DEPLOYMENT_TARGET = 16.0;
				MARKETING_VERSION = 1.0;
				PRODUCT_BUNDLE_IDENTIFIER = appdevelop.GithubNGTests;
				PRODUCT_NAME = "$(TARGET_NAME)";
				SWIFT_EMIT_LOC_STRINGS = NO;
				SWIFT_VERSION = 5.0;
				TARGETED_DEVICE_FAMILY = "1,2";
				TEST_HOST = "$(BUILT_PRODUCTS_DIR)/GithubNG.app/$(BUNDLE_EXECUTABLE_FOLDER_PATH)/GithubNG";
			};
			name = Debug;
		};
		04B7B187293BEB44001AE7D9 /* Release */ = {
			isa = XCBuildConfiguration;
			buildSettings = {
				ALWAYS_EMBED_SWIFT_STANDARD_LIBRARIES = YES;
				BUNDLE_LOADER = "$(TEST_HOST)";
				CODE_SIGN_STYLE = Automatic;
				CURRENT_PROJECT_VERSION = 1;
				DEVELOPMENT_TEAM = 2KSC9XF23M;
				GENERATE_INFOPLIST_FILE = YES;
				IPHONEOS_DEPLOYMENT_TARGET = 16.0;
				MARKETING_VERSION = 1.0;
				PRODUCT_BUNDLE_IDENTIFIER = appdevelop.GithubNGTests;
				PRODUCT_NAME = "$(TARGET_NAME)";
				SWIFT_EMIT_LOC_STRINGS = NO;
				SWIFT_VERSION = 5.0;
				TARGETED_DEVICE_FAMILY = "1,2";
				TEST_HOST = "$(BUILT_PRODUCTS_DIR)/GithubNG.app/$(BUNDLE_EXECUTABLE_FOLDER_PATH)/GithubNG";
			};
			name = Release;
		};
		04B7B189293BEB44001AE7D9 /* Debug */ = {
			isa = XCBuildConfiguration;
			buildSettings = {
				ALWAYS_EMBED_SWIFT_STANDARD_LIBRARIES = YES;
				CODE_SIGN_STYLE = Automatic;
				CURRENT_PROJECT_VERSION = 1;
				DEVELOPMENT_TEAM = 2KSC9XF23M;
				GENERATE_INFOPLIST_FILE = YES;
				MARKETING_VERSION = 1.0;
				PRODUCT_BUNDLE_IDENTIFIER = appdevelop.GithubNGUITests;
				PRODUCT_NAME = "$(TARGET_NAME)";
				SWIFT_EMIT_LOC_STRINGS = NO;
				SWIFT_VERSION = 5.0;
				TARGETED_DEVICE_FAMILY = "1,2";
				TEST_TARGET_NAME = GithubNG;
			};
			name = Debug;
		};
		04B7B18A293BEB44001AE7D9 /* Release */ = {
			isa = XCBuildConfiguration;
			buildSettings = {
				ALWAYS_EMBED_SWIFT_STANDARD_LIBRARIES = YES;
				CODE_SIGN_STYLE = Automatic;
				CURRENT_PROJECT_VERSION = 1;
				DEVELOPMENT_TEAM = 2KSC9XF23M;
				GENERATE_INFOPLIST_FILE = YES;
				MARKETING_VERSION = 1.0;
				PRODUCT_BUNDLE_IDENTIFIER = appdevelop.GithubNGUITests;
				PRODUCT_NAME = "$(TARGET_NAME)";
				SWIFT_EMIT_LOC_STRINGS = NO;
				SWIFT_VERSION = 5.0;
				TARGETED_DEVICE_FAMILY = "1,2";
				TEST_TARGET_NAME = GithubNG;
			};
			name = Release;
		};
/* End XCBuildConfiguration section */

/* Begin XCConfigurationList section */
		04B7B150293BEB42001AE7D9 /* Build configuration list for PBXProject "GithubNG" */ = {
			isa = XCConfigurationList;
			buildConfigurations = (
				04B7B180293BEB44001AE7D9 /* Debug */,
				04B7B181293BEB44001AE7D9 /* Release */,
			);
			defaultConfigurationIsVisible = 0;
			defaultConfigurationName = Release;
		};
		04B7B182293BEB44001AE7D9 /* Build configuration list for PBXNativeTarget "GithubNG" */ = {
			isa = XCConfigurationList;
			buildConfigurations = (
				04B7B183293BEB44001AE7D9 /* Debug */,
				04B7B184293BEB44001AE7D9 /* Release */,
			);
			defaultConfigurationIsVisible = 0;
			defaultConfigurationName = Release;
		};
		04B7B185293BEB44001AE7D9 /* Build configuration list for PBXNativeTarget "GithubNGTests" */ = {
			isa = XCConfigurationList;
			buildConfigurations = (
				04B7B186293BEB44001AE7D9 /* Debug */,
				04B7B187293BEB44001AE7D9 /* Release */,
			);
			defaultConfigurationIsVisible = 0;
			defaultConfigurationName = Release;
		};
		04B7B188293BEB44001AE7D9 /* Build configuration list for PBXNativeTarget "GithubNGUITests" */ = {
			isa = XCConfigurationList;
			buildConfigurations = (
				04B7B189293BEB44001AE7D9 /* Debug */,
				04B7B18A293BEB44001AE7D9 /* Release */,
			);
			defaultConfigurationIsVisible = 0;
			defaultConfigurationName = Release;
		};
/* End XCConfigurationList section */

/* Begin XCVersionGroup section */
		04B7B161293BEB42001AE7D9 /* GithubNG.xcdatamodeld */ = {
			isa = XCVersionGroup;
			children = (
				04B7B162293BEB42001AE7D9 /* GithubNG.xcdatamodel */,
			);
			currentVersion = 04B7B162293BEB42001AE7D9 /* GithubNG.xcdatamodel */;
			path = GithubNG.xcdatamodeld;
			sourceTree = "<group>";
			versionGroupType = wrapper.xcdatamodel;
		};
/* End XCVersionGroup section */
	};
	rootObject = 04B7B14D293BEB42001AE7D9 /* Project object */;
}
